// !$*UTF8*$!
{
	archiveVersion = 1;
	classes = {
	};
	objectVersion = 46;
	objects = {

/* Begin PBXBuildFile section */
		D66738A61D11459500FA7039 /* AppDelegate.swift in Sources */ = {isa = PBXBuildFile; fileRef = D66738A51D11459500FA7039 /* AppDelegate.swift */; };
		D66738A81D11459500FA7039 /* ViewController.swift in Sources */ = {isa = PBXBuildFile; fileRef = D66738A71D11459500FA7039 /* ViewController.swift */; };
		D66738AB1D11459500FA7039 /* Main.storyboard in Resources */ = {isa = PBXBuildFile; fileRef = D66738A91D11459500FA7039 /* Main.storyboard */; };
		D66738AE1D11459500FA7039 /* SwiftLanguageSample.xcdatamodeld in Sources */ = {isa = PBXBuildFile; fileRef = D66738AC1D11459500FA7039 /* SwiftLanguageSample.xcdatamodeld */; };
		D66738B01D11459500FA7039 /* Assets.xcassets in Resources */ = {isa = PBXBuildFile; fileRef = D66738AF1D11459500FA7039 /* Assets.xcassets */; };
		D66738B31D11459500FA7039 /* LaunchScreen.storyboard in Resources */ = {isa = PBXBuildFile; fileRef = D66738B11D11459500FA7039 /* LaunchScreen.storyboard */; };
/* End PBXBuildFile section */

/* Begin PBXFileReference section */
		D66738A21D11459500FA7039 /* SwiftLanguageSample.app */ = {isa = PBXFileReference; explicitFileType = wrapper.application; includeInIndex = 0; path = SwiftLanguageSample.app; sourceTree = BUILT_PRODUCTS_DIR; };
		D66738A51D11459500FA7039 /* AppDelegate.swift */ = {isa = PBXFileReference; lastKnownFileType = sourcecode.swift; path = AppDelegate.swift; sourceTree = "<group>"; };
		D66738A71D11459500FA7039 /* ViewController.swift */ = {isa = PBXFileReference; lastKnownFileType = sourcecode.swift; path = ViewController.swift; sourceTree = "<group>"; };
		D66738AA1D11459500FA7039 /* Base */ = {isa = PBXFileReference; lastKnownFileType = file.storyboard; name = Base; path = Base.lproj/Main.storyboard; sourceTree = "<group>"; };
		D66738AD1D11459500FA7039 /* SwiftLanguageSample.xcdatamodel */ = {isa = PBXFileReference; lastKnownFileType = wrapper.xcdatamodel; path = SwiftLanguageSample.xcdatamodel; sourceTree = "<group>"; };
		D66738AF1D11459500FA7039 /* Assets.xcassets */ = {isa = PBXFileReference; lastKnownFileType = folder.assetcatalog; path = Assets.xcassets; sourceTree = "<group>"; };
		D66738B21D11459500FA7039 /* Base */ = {isa = PBXFileReference; lastKnownFileType = file.storyboard; name = Base; path = Base.lproj/LaunchScreen.storyboard; sourceTree = "<group>"; };
		D66738B41D11459500FA7039 /* Info.plist */ = {isa = PBXFileReference; lastKnownFileType = text.plist.xml; path = Info.plist; sourceTree = "<group>"; };
		D66738BA1D11467700FA7039 /* SwiftPG.playground */ = {isa = PBXFileReference; lastKnownFileType = file.playground; path = SwiftPG.playground; sourceTree = "<group>"; };
/* End PBXFileReference section */

/* Begin PBXFrameworksBuildPhase section */
		D667389F1D11459500FA7039 /* Frameworks */ = {
			isa = PBXFrameworksBuildPhase;
			buildActionMask = 2147483647;
			files = (
			);
			runOnlyForDeploymentPostprocessing = 0;
		};
/* End PBXFrameworksBuildPhase section */

/* Begin PBXGroup section */
		D66738991D11459500FA7039 = {
			isa = PBXGroup;
			children = (
				D66738A41D11459500FA7039 /* SwiftLanguageSample */,
				D66738A31D11459500FA7039 /* Products */,
			);
			sourceTree = "<group>";
		};
		D66738A31D11459500FA7039 /* Products */ = {
			isa = PBXGroup;
			children = (
				D66738A21D11459500FA7039 /* SwiftLanguageSample.app */,
			);
			name = Products;
			sourceTree = "<group>";
		};
		D66738A41D11459500FA7039 /* SwiftLanguageSample */ = {
			isa = PBXGroup;
			children = (
				D66738A51D11459500FA7039 /* AppDelegate.swift */,
				D66738A71D11459500FA7039 /* ViewController.swift */,
				D66738A91D11459500FA7039 /* Main.storyboard */,
				D66738AF1D11459500FA7039 /* Assets.xcassets */,
				D66738B11D11459500FA7039 /* LaunchScreen.storyboard */,
				D66738B41D11459500FA7039 /* Info.plist */,
				D66738AC1D11459500FA7039 /* SwiftLanguageSample.xcdatamodeld */,
				D66738BA1D11467700FA7039 /* SwiftPG.playground */,
			);
			path = SwiftLanguageSample;
			sourceTree = "<group>";
		};
/* End PBXGroup section */

/* Begin PBXNativeTarget section */
		D66738A11D11459500FA7039 /* SwiftLanguageSample */ = {
			isa = PBXNativeTarget;
			buildConfigurationList = D66738B71D11459500FA7039 /* Build configuration list for PBXNativeTarget "SwiftLanguageSample" */;
			buildPhases = (
				D667389E1D11459500FA7039 /* Sources */,
				D667389F1D11459500FA7039 /* Frameworks */,
				D66738A01D11459500FA7039 /* Resources */,
			);
			buildRules = (
			);
			dependencies = (
			);
			name = SwiftLanguageSample;
			productName = SwiftLanguageSample;
			productReference = D66738A21D11459500FA7039 /* SwiftLanguageSample.app */;
			productType = "com.apple.product-type.application";
		};
/* End PBXNativeTarget section */

/* Begin PBXProject section */
		D667389A1D11459500FA7039 /* Project object */ = {
			isa = PBXProject;
			attributes = {
				LastSwiftUpdateCheck = 0730;
				LastUpgradeCheck = 0730;
				ORGANIZATIONNAME = chenkai;
				TargetAttributes = {
					D66738A11D11459500FA7039 = {
						CreatedOnToolsVersion = 7.3.1;
					};
				};
			};
			buildConfigurationList = D667389D1D11459500FA7039 /* Build configuration list for PBXProject "SwiftLanguageSample" */;
			compatibilityVersion = "Xcode 3.2";
			developmentRegion = English;
			hasScannedForEncodings = 0;
			knownRegions = (
				en,
				Base,
			);
			mainGroup = D66738991D11459500FA7039;
			productRefGroup = D66738A31D11459500FA7039 /* Products */;
			projectDirPath = "";
			projectRoot = "";
			targets = (
				D66738A11D11459500FA7039 /* SwiftLanguageSample */,
			);
		};
/* End PBXProject section */

/* Begin PBXResourcesBuildPhase section */
		D66738A01D11459500FA7039 /* Resources */ = {
			isa = PBXResourcesBuildPhase;
			buildActionMask = 2147483647;
			files = (
				D66738B31D11459500FA7039 /* LaunchScreen.storyboard in Resources */,
				D66738B01D11459500FA7039 /* Assets.xcassets in Resources */,
				D66738AB1D11459500FA7039 /* Main.storyboard in Resources */,
			);
			runOnlyForDeploymentPostprocessing = 0;
		};
/* End PBXResourcesBuildPhase section */

/* Begin PBXSourcesBuildPhase section */
		D667389E1D11459500FA7039 /* Sources */ = {
			isa = PBXSourcesBuildPhase;
			buildActionMask = 2147483647;
			files = (
				D66738A81D11459500FA7039 /* ViewController.swift in Sources */,
				D66738A61D11459500FA7039 /* AppDelegate.swift in Sources */,
				D66738AE1D11459500FA7039 /* SwiftLanguageSample.xcdatamodeld in Sources */,
			);
			runOnlyForDeploymentPostprocessing = 0;
		};
/* End PBXSourcesBuildPhase section */

/* Begin PBXVariantGroup section */
		D66738A91D11459500FA7039 /* Main.storyboard */ = {
			isa = PBXVariantGroup;
			children = (
				D66738AA1D11459500FA7039 /* Base */,
			);
			name = Main.storyboard;
			sourceTree = "<group>";
		};
		D66738B11D11459500FA7039 /* LaunchScreen.storyboard */ = {
			isa = PBXVariantGroup;
			children = (
				D66738B21D11459500FA7039 /* Base */,
			);
			name = LaunchScreen.storyboard;
			sourceTree = "<group>";
		};
/* End PBXVariantGroup section */

/* Begin XCBuildConfiguration section */
		D66738B51D11459500FA7039 /* Debug */ = {
			isa = XCBuildConfiguration;
			buildSettings = {
				ALWAYS_SEARCH_USER_PATHS = NO;
				CLANG_ANALYZER_NONNULL = YES;
				CLANG_CXX_LANGUAGE_STANDARD = "gnu++0x";
				CLANG_CXX_LIBRARY = "libc++";
				CLANG_ENABLE_MODULES = YES;
				CLANG_ENABLE_OBJC_ARC = YES;
				CLANG_WARN_BOOL_CONVERSION = YES;
				CLANG_WARN_CONSTANT_CONVERSION = YES;
				CLANG_WARN_DIRECT_OBJC_ISA_USAGE = YES_ERROR;
				CLANG_WARN_EMPTY_BODY = YES;
				CLANG_WARN_ENUM_CONVERSION = YES;
				CLANG_WARN_INT_CONVERSION = YES;
				CLANG_WARN_OBJC_ROOT_CLASS = YES_ERROR;
				CLANG_WARN_UNREACHABLE_CODE = YES;
				CLANG_WARN__DUPLICATE_METHOD_MATCH = YES;
				"CODE_SIGN_IDENTITY[sdk=iphoneos*]" = "iPhone Developer";
				COPY_PHASE_STRIP = NO;
				DEBUG_INFORMATION_FORMAT = dwarf;
				ENABLE_STRICT_OBJC_MSGSEND = YES;
				ENABLE_TESTABILITY = YES;
				GCC_C_LANGUAGE_STANDARD = gnu99;
				GCC_DYNAMIC_NO_PIC = NO;
				GCC_NO_COMMON_BLOCKS = YES;
				GCC_OPTIMIZATION_LEVEL = 0;
				GCC_PREPROCESSOR_DEFINITIONS = (
					"DEBUG=1",
					"$(inherited)",
				);
				GCC_WARN_64_TO_32_BIT_CONVERSION = YES;
				GCC_WARN_ABOUT_RETURN_TYPE = YES_ERROR;
				GCC_WARN_UNDECLARED_SELECTOR = YES;
				GCC_WARN_UNINITIALIZED_AUTOS = YES_AGGRESSIVE;
				GCC_WARN_UNUSED_FUNCTION = YES;
				GCC_WARN_UNUSED_VARIABLE = YES;
				IPHONEOS_DEPLOYMENT_TARGET = 9.3;
				MTL_ENABLE_DEBUG_INFO = YES;
				ONLY_ACTIVE_ARCH = YES;
				SDKROOT = iphoneos;
				SWIFT_OPTIMIZATION_LEVEL = "-Onone";
			};
			name = Debug;
		};
		D66738B61D11459500FA7039 /* Release */ = {
			isa = XCBuildConfiguration;
			buildSettings = {
				ALWAYS_SEARCH_USER_PATHS = NO;
				CLANG_ANALYZER_NONNULL = YES;
				CLANG_CXX_LANGUAGE_STANDARD = "gnu++0x";
				CLANG_CXX_LIBRARY = "libc++";
				CLANG_ENABLE_MODULES = YES;
				CLANG_ENABLE_OBJC_ARC = YES;
				CLANG_WARN_BOOL_CONVERSION = YES;
				CLANG_WARN_CONSTANT_CONVERSION = YES;
				CLANG_WARN_DIRECT_OBJC_ISA_USAGE = YES_ERROR;
				CLANG_WARN_EMPTY_BODY = YES;
				CLANG_WARN_ENUM_CONVERSION = YES;
				CLANG_WARN_INT_CONVERSION = YES;
				CLANG_WARN_OBJC_ROOT_CLASS = YES_ERROR;
				CLANG_WARN_UNREACHABLE_CODE = YES;
				CLANG_WARN__DUPLICATE_METHOD_MATCH = YES;
				"CODE_SIGN_IDENTITY[sdk=iphoneos*]" = "iPhone Developer";
				COPY_PHASE_STRIP = NO;
				DEBUG_INFORMATION_FORMAT = "dwarf-with-dsym";
				ENABLE_NS_ASSERTIONS = NO;
				ENABLE_STRICT_OBJC_MSGSEND = YES;
				GCC_C_LANGUAGE_STANDARD = gnu99;
				GCC_NO_COMMON_BLOCKS = YES;
				GCC_WARN_64_TO_32_BIT_CONVERSION = YES;
				GCC_WARN_ABOUT_RETURN_TYPE = YES_ERROR;
				GCC_WARN_UNDECLARED_SELECTOR = YES;
				GCC_WARN_UNINITIALIZED_AUTOS = YES_AGGRESSIVE;
				GCC_WARN_UNUSED_FUNCTION = YES;
				GCC_WARN_UNUSED_VARIABLE = YES;
				IPHONEOS_DEPLOYMENT_TARGET = 9.3;
				MTL_ENABLE_DEBUG_INFO = NO;
				SDKROOT = iphoneos;
				VALIDATE_PRODUCT = YES;
			};
			name = Release;
		};
		D66738B81D11459500FA7039 /* Debug */ = {
			isa = XCBuildConfiguration;
			buildSettings = {
				ASSETCATALOG_COMPILER_APPICON_NAME = AppIcon;
				INFOPLIST_FILE = SwiftLanguageSample/Info.plist;
				LD_RUNPATH_SEARCH_PATHS = "$(inherited) @executable_path/Frameworks";
				PRODUCT_BUNDLE_IDENTIFIER = com.Personal.SwiftLanguageSample;
				PRODUCT_NAME = "$(TARGET_NAME)";
			};
			name = Debug;
		};
		D66738B91D11459500FA7039 /* Release */ = {
			isa = XCBuildConfiguration;
			buildSettings = {
				ASSETCATALOG_COMPILER_APPICON_NAME = AppIcon;
				INFOPLIST_FILE = SwiftLanguageSample/Info.plist;
				LD_RUNPATH_SEARCH_PATHS = "$(inherited) @executable_path/Frameworks";
				PRODUCT_BUNDLE_IDENTIFIER = com.Personal.SwiftLanguageSample;
				PRODUCT_NAME = "$(TARGET_NAME)";
			};
			name = Release;
		};
/* End XCBuildConfiguration section */

/* Begin XCConfigurationList section */
		D667389D1D11459500FA7039 /* Build configuration list for PBXProject "SwiftLanguageSample" */ = {
			isa = XCConfigurationList;
			buildConfigurations = (
				D66738B51D11459500FA7039 /* Debug */,
				D66738B61D11459500FA7039 /* Release */,
			);
			defaultConfigurationIsVisible = 0;
			defaultConfigurationName = Release;
		};
		D66738B71D11459500FA7039 /* Build configuration list for PBXNativeTarget "SwiftLanguageSample" */ = {
			isa = XCConfigurationList;
			buildConfigurations = (
				D66738B81D11459500FA7039 /* Debug */,
				D66738B91D11459500FA7039 /* Release */,
			);
			defaultConfigurationIsVisible = 0;
		};
/* End XCConfigurationList section */

/* Begin XCVersionGroup section */
		D66738AC1D11459500FA7039 /* SwiftLanguageSample.xcdatamodeld */ = {
			isa = XCVersionGroup;
			children = (
				D66738AD1D11459500FA7039 /* SwiftLanguageSample.xcdatamodel */,
			);
			currentVersion = D66738AD1D11459500FA7039 /* SwiftLanguageSample.xcdatamodel */;
			path = SwiftLanguageSample.xcdatamodeld;
			sourceTree = "<group>";
			versionGroupType = wrapper.xcdatamodel;
		};
/* End XCVersionGroup section */
	};
	rootObject = D667389A1D11459500FA7039 /* Project object */;
}
